
Microsoft Visual Studio Solution File, Format Version 12.00
# Visual Studio 15
VisualStudioVersion = 15.0.28010.2048
MinimumVisualStudioVersion = 10.0.40219.1
Project("{FAE04EC0-301F-11D3-BF4B-00C04F79EFBC}") = "SuperWallpaper", "SuperWallpaper\SuperWallpaper.csproj", "{F8C1AFB6-9A92-4ECE-B0DE-FB68C3F1A497}"
EndProject
Global
	GlobalSection(SolutionConfigurationPlatforms) = preSolution
		Debug|Any CPU = Debug|Any CPU
		Release|Any CPU = Release|Any CPU
	EndGlobalSection
	GlobalSection(ProjectConfigurationPlatforms) = postSolution
		{F8C1AFB6-9A92-4ECE-B0DE-FB68C3F1A497}.Debug|Any CPU.ActiveCfg = Debug|Any CPU
		{F8C1AFB6-9A92-4ECE-B0DE-FB68C3F1A497}.Debug|Any CPU.Build.0 = Debug|Any CPU
		{F8C1AFB6-9A92-4ECE-B0DE-FB68C3F1A497}.Release|Any CPU.ActiveCfg = Release|Any CPU
		{F8C1AFB6-9A92-4ECE-B0DE-FB68C3F1A497}.Release|Any CPU.Build.0 = Release|Any CPU
	EndGlobalSection
	GlobalSection(SolutionProperties) = preSolution
		HideSolutionNode = FALSE
	EndGlobalSection
	GlobalSection(ExtensibilityGlobals) = postSolution
		SolutionGuid = {27F4A32F-7104-44D4-B7C5-77873DC65867}
	EndGlobalSection
EndGlobal
